// !$*UTF8*$!
{
	archiveVersion = 1;
	classes = {
	};
	objectVersion = 55;
	objects = {

/* Begin PBXBuildFile section */
		C4D2CBA127D8A6D900525947 /* AppDelegate.swift in Sources */ = {isa = PBXBuildFile; fileRef = C4D2CBA027D8A6D900525947 /* AppDelegate.swift */; };
		C4D2CBA327D8A6D900525947 /* SceneDelegate.swift in Sources */ = {isa = PBXBuildFile; fileRef = C4D2CBA227D8A6D900525947 /* SceneDelegate.swift */; };
		C4D2CBA527D8A6D900525947 /* ViewController.swift in Sources */ = {isa = PBXBuildFile; fileRef = C4D2CBA427D8A6D900525947 /* ViewController.swift */; };
		C4D2CBA827D8A6D900525947 /* Main.storyboard in Resources */ = {isa = PBXBuildFile; fileRef = C4D2CBA627D8A6D900525947 /* Main.storyboard */; };
		C4D2CBAB27D8A6D900525947 /* Wordle.xcdatamodeld in Sources */ = {isa = PBXBuildFile; fileRef = C4D2CBA927D8A6D900525947 /* Wordle.xcdatamodeld */; };
		C4D2CBAD27D8A6DA00525947 /* Assets.xcassets in Resources */ = {isa = PBXBuildFile; fileRef = C4D2CBAC27D8A6DA00525947 /* Assets.xcassets */; };
		C4D2CBB027D8A6DA00525947 /* LaunchScreen.storyboard in Resources */ = {isa = PBXBuildFile; fileRef = C4D2CBAE27D8A6DA00525947 /* LaunchScreen.storyboard */; };
		C4D2CBBB27D8A6DA00525947 /* WordleTests.swift in Sources */ = {isa = PBXBuildFile; fileRef = C4D2CBBA27D8A6DA00525947 /* WordleTests.swift */; };
		C4D2CBC527D8A6DA00525947 /* WordleUITests.swift in Sources */ = {isa = PBXBuildFile; fileRef = C4D2CBC427D8A6DA00525947 /* WordleUITests.swift */; };
		C4D2CBC727D8A6DA00525947 /* WordleUITestsLaunchTests.swift in Sources */ = {isa = PBXBuildFile; fileRef = C4D2CBC627D8A6DA00525947 /* WordleUITestsLaunchTests.swift */; };
		C4D2CBD727D8A74100525947 /* KeyboardViewController.swift in Sources */ = {isa = PBXBuildFile; fileRef = C4D2CBD627D8A74100525947 /* KeyboardViewController.swift */; };
		C4D2CBD927D8A74E00525947 /* BoardViewController.swift in Sources */ = {isa = PBXBuildFile; fileRef = C4D2CBD827D8A74E00525947 /* BoardViewController.swift */; };
		C4D2CBDB27D8ABB400525947 /* KeyCell.swift in Sources */ = {isa = PBXBuildFile; fileRef = C4D2CBDA27D8ABB400525947 /* KeyCell.swift */; };
/* End PBXBuildFile section */

/* Begin PBXContainerItemProxy section */
		C4D2CBB727D8A6DA00525947 /* PBXContainerItemProxy */ = {
			isa = PBXContainerItemProxy;
			containerPortal = C4D2CB9527D8A6D900525947 /* Project object */;
			proxyType = 1;
			remoteGlobalIDString = C4D2CB9C27D8A6D900525947;
			remoteInfo = Wordle;
		};
		C4D2CBC127D8A6DA00525947 /* PBXContainerItemProxy */ = {
			isa = PBXContainerItemProxy;
			containerPortal = C4D2CB9527D8A6D900525947 /* Project object */;
			proxyType = 1;
			remoteGlobalIDString = C4D2CB9C27D8A6D900525947;
			remoteInfo = Wordle;
		};
/* End PBXContainerItemProxy section */

/* Begin PBXFileReference section */
		C4D2CB9D27D8A6D900525947 /* Wordle.app */ = {isa = PBXFileReference; explicitFileType = wrapper.application; includeInIndex = 0; path = Wordle.app; sourceTree = BUILT_PRODUCTS_DIR; };
		C4D2CBA027D8A6D900525947 /* AppDelegate.swift */ = {isa = PBXFileReference; lastKnownFileType = sourcecode.swift; path = AppDelegate.swift; sourceTree = "<group>"; };
		C4D2CBA227D8A6D900525947 /* SceneDelegate.swift */ = {isa = PBXFileReference; lastKnownFileType = sourcecode.swift; path = SceneDelegate.swift; sourceTree = "<group>"; };
		C4D2CBA427D8A6D900525947 /* ViewController.swift */ = {isa = PBXFileReference; lastKnownFileType = sourcecode.swift; path = ViewController.swift; sourceTree = "<group>"; };
		C4D2CBA727D8A6D900525947 /* Base */ = {isa = PBXFileReference; lastKnownFileType = file.storyboard; name = Base; path = Base.lproj/Main.storyboard; sourceTree = "<group>"; };
		C4D2CBAA27D8A6D900525947 /* Wordle.xcdatamodel */ = {isa = PBXFileReference; lastKnownFileType = wrapper.xcdatamodel; path = Wordle.xcdatamodel; sourceTree = "<group>"; };
		C4D2CBAC27D8A6DA00525947 /* Assets.xcassets */ = {isa = PBXFileReference; lastKnownFileType = folder.assetcatalog; path = Assets.xcassets; sourceTree = "<group>"; };
		C4D2CBAF27D8A6DA00525947 /* Base */ = {isa = PBXFileReference; lastKnownFileType = file.storyboard; name = Base; path = Base.lproj/LaunchScreen.storyboard; sourceTree = "<group>"; };
		C4D2CBB127D8A6DA00525947 /* Info.plist */ = {isa = PBXFileReference; lastKnownFileType = text.plist.xml; path = Info.plist; sourceTree = "<group>"; };
		C4D2CBB627D8A6DA00525947 /* WordleTests.xctest */ = {isa = PBXFileReference; explicitFileType = wrapper.cfbundle; includeInIndex = 0; path = WordleTests.xctest; sourceTree = BUILT_PRODUCTS_DIR; };
		C4D2CBBA27D8A6DA00525947 /* WordleTests.swift */ = {isa = PBXFileReference; lastKnownFileType = sourcecode.swift; path = WordleTests.swift; sourceTree = "<group>"; };
		C4D2CBC027D8A6DA00525947 /* WordleUITests.xctest */ = {isa = PBXFileReference; explicitFileType = wrapper.cfbundle; includeInIndex = 0; path = WordleUITests.xctest; sourceTree = BUILT_PRODUCTS_DIR; };
		C4D2CBC427D8A6DA00525947 /* WordleUITests.swift */ = {isa = PBXFileReference; lastKnownFileType = sourcecode.swift; path = WordleUITests.swift; sourceTree = "<group>"; };
		C4D2CBC627D8A6DA00525947 /* WordleUITestsLaunchTests.swift */ = {isa = PBXFileReference; lastKnownFileType = sourcecode.swift; path = WordleUITestsLaunchTests.swift; sourceTree = "<group>"; };
		C4D2CBD627D8A74100525947 /* KeyboardViewController.swift */ = {isa = PBXFileReference; lastKnownFileType = sourcecode.swift; path = KeyboardViewController.swift; sourceTree = "<group>"; };
		C4D2CBD827D8A74E00525947 /* BoardViewController.swift */ = {isa = PBXFileReference; lastKnownFileType = sourcecode.swift; path = BoardViewController.swift; sourceTree = "<group>"; };
		C4D2CBDA27D8ABB400525947 /* KeyCell.swift */ = {isa = PBXFileReference; lastKnownFileType = sourcecode.swift; path = KeyCell.swift; sourceTree = "<group>"; };
/* End PBXFileReference section */

/* Begin PBXFrameworksBuildPhase section */
		C4D2CB9A27D8A6D900525947 /* Frameworks */ = {
			isa = PBXFrameworksBuildPhase;
			buildActionMask = 2147483647;
			files = (
			);
			runOnlyForDeploymentPostprocessing = 0;
		};
		C4D2CBB327D8A6DA00525947 /* Frameworks */ = {
			isa = PBXFrameworksBuildPhase;
			buildActionMask = 2147483647;
			files = (
			);
			runOnlyForDeploymentPostprocessing = 0;
		};
		C4D2CBBD27D8A6DA00525947 /* Frameworks */ = {
			isa = PBXFrameworksBuildPhase;
			buildActionMask = 2147483647;
			files = (
			);
			runOnlyForDeploymentPostprocessing = 0;
		};
/* End PBXFrameworksBuildPhase section */

/* Begin PBXGroup section */
		C4D2CB9427D8A6D900525947 = {
			isa = PBXGroup;
			children = (
				C4D2CB9F27D8A6D900525947 /* Wordle */,
				C4D2CBB927D8A6DA00525947 /* WordleTests */,
				C4D2CBC327D8A6DA00525947 /* WordleUITests */,
				C4D2CB9E27D8A6D900525947 /* Products */,
			);
			sourceTree = "<group>";
		};
		C4D2CB9E27D8A6D900525947 /* Products */ = {
			isa = PBXGroup;
			children = (
				C4D2CB9D27D8A6D900525947 /* Wordle.app */,
				C4D2CBB627D8A6DA00525947 /* WordleTests.xctest */,
				C4D2CBC027D8A6DA00525947 /* WordleUITests.xctest */,
			);
			name = Products;
			sourceTree = "<group>";
		};
		C4D2CB9F27D8A6D900525947 /* Wordle */ = {
			isa = PBXGroup;
			children = (
				C4D2CBD527D8A70F00525947 /* Other */,
				C4D2CBD427D8A6FF00525947 /* Core */,
				C4D2CBB127D8A6DA00525947 /* Info.plist */,
				C4D2CBA927D8A6D900525947 /* Wordle.xcdatamodeld */,
			);
			path = Wordle;
			sourceTree = "<group>";
		};
		C4D2CBB927D8A6DA00525947 /* WordleTests */ = {
			isa = PBXGroup;
			children = (
				C4D2CBBA27D8A6DA00525947 /* WordleTests.swift */,
			);
			path = WordleTests;
			sourceTree = "<group>";
		};
		C4D2CBC327D8A6DA00525947 /* WordleUITests */ = {
			isa = PBXGroup;
			children = (
				C4D2CBC427D8A6DA00525947 /* WordleUITests.swift */,
				C4D2CBC627D8A6DA00525947 /* WordleUITestsLaunchTests.swift */,
			);
			path = WordleUITests;
			sourceTree = "<group>";
		};
		C4D2CBD427D8A6FF00525947 /* Core */ = {
			isa = PBXGroup;
			children = (
				C4D2CBA427D8A6D900525947 /* ViewController.swift */,
				C4D2CBD627D8A74100525947 /* KeyboardViewController.swift */,
				C4D2CBD827D8A74E00525947 /* BoardViewController.swift */,
				C4D2CBDA27D8ABB400525947 /* KeyCell.swift */,
			);
			path = Core;
			sourceTree = "<group>";
		};
		C4D2CBD527D8A70F00525947 /* Other */ = {
			isa = PBXGroup;
			children = (
				C4D2CBA027D8A6D900525947 /* AppDelegate.swift */,
				C4D2CBA227D8A6D900525947 /* SceneDelegate.swift */,
				C4D2CBA627D8A6D900525947 /* Main.storyboard */,
				C4D2CBAC27D8A6DA00525947 /* Assets.xcassets */,
				C4D2CBAE27D8A6DA00525947 /* LaunchScreen.storyboard */,
			);
			path = Other;
			sourceTree = "<group>";
		};
/* End PBXGroup section */

/* Begin PBXNativeTarget section */
		C4D2CB9C27D8A6D900525947 /* Wordle */ = {
			isa = PBXNativeTarget;
			buildConfigurationList = C4D2CBCA27D8A6DA00525947 /* Build configuration list for PBXNativeTarget "Wordle" */;
			buildPhases = (
				C4D2CB9927D8A6D900525947 /* Sources */,
				C4D2CB9A27D8A6D900525947 /* Frameworks */,
				C4D2CB9B27D8A6D900525947 /* Resources */,
			);
			buildRules = (
			);
			dependencies = (
			);
			name = Wordle;
			productName = Wordle;
			productReference = C4D2CB9D27D8A6D900525947 /* Wordle.app */;
			productType = "com.apple.product-type.application";
		};
		C4D2CBB527D8A6DA00525947 /* WordleTests */ = {
			isa = PBXNativeTarget;
			buildConfigurationList = C4D2CBCD27D8A6DA00525947 /* Build configuration list for PBXNativeTarget "WordleTests" */;
			buildPhases = (
				C4D2CBB227D8A6DA00525947 /* Sources */,
				C4D2CBB327D8A6DA00525947 /* Frameworks */,
				C4D2CBB427D8A6DA00525947 /* Resources */,
			);
			buildRules = (
			);
			dependencies = (
				C4D2CBB827D8A6DA00525947 /* PBXTargetDependency */,
			);
			name = WordleTests;
			productName = WordleTests;
			productReference = C4D2CBB627D8A6DA00525947 /* WordleTests.xctest */;
			productType = "com.apple.product-type.bundle.unit-test";
		};
		C4D2CBBF27D8A6DA00525947 /* WordleUITests */ = {
			isa = PBXNativeTarget;
			buildConfigurationList = C4D2CBD027D8A6DA00525947 /* Build configuration list for PBXNativeTarget "WordleUITests" */;
			buildPhases = (
				C4D2CBBC27D8A6DA00525947 /* Sources */,
				C4D2CBBD27D8A6DA00525947 /* Frameworks */,
				C4D2CBBE27D8A6DA00525947 /* Resources */,
			);
			buildRules = (
			);
			dependencies = (
				C4D2CBC227D8A6DA00525947 /* PBXTargetDependency */,
			);
			name = WordleUITests;
			productName = WordleUITests;
			productReference = C4D2CBC027D8A6DA00525947 /* WordleUITests.xctest */;
			productType = "com.apple.product-type.bundle.ui-testing";
		};
/* End PBXNativeTarget section */

/* Begin PBXProject section */
		C4D2CB9527D8A6D900525947 /* Project object */ = {
			isa = PBXProject;
			attributes = {
				BuildIndependentTargetsInParallel = 1;
				LastSwiftUpdateCheck = 1320;
				LastUpgradeCheck = 1320;
				TargetAttributes = {
					C4D2CB9C27D8A6D900525947 = {
						CreatedOnToolsVersion = 13.2.1;
					};
					C4D2CBB527D8A6DA00525947 = {
						CreatedOnToolsVersion = 13.2.1;
						TestTargetID = C4D2CB9C27D8A6D900525947;
					};
					C4D2CBBF27D8A6DA00525947 = {
						CreatedOnToolsVersion = 13.2.1;
						TestTargetID = C4D2CB9C27D8A6D900525947;
					};
				};
			};
			buildConfigurationList = C4D2CB9827D8A6D900525947 /* Build configuration list for PBXProject "Wordle" */;
			compatibilityVersion = "Xcode 13.0";
			developmentRegion = en;
			hasScannedForEncodings = 0;
			knownRegions = (
				en,
				Base,
			);
			mainGroup = C4D2CB9427D8A6D900525947;
			productRefGroup = C4D2CB9E27D8A6D900525947 /* Products */;
			projectDirPath = "";
			projectRoot = "";
			targets = (
				C4D2CB9C27D8A6D900525947 /* Wordle */,
				C4D2CBB527D8A6DA00525947 /* WordleTests */,
				C4D2CBBF27D8A6DA00525947 /* WordleUITests */,
			);
		};
/* End PBXProject section */

/* Begin PBXResourcesBuildPhase section */
		C4D2CB9B27D8A6D900525947 /* Resources */ = {
			isa = PBXResourcesBuildPhase;
			buildActionMask = 2147483647;
			files = (
				C4D2CBB027D8A6DA00525947 /* LaunchScreen.storyboard in Resources */,
				C4D2CBAD27D8A6DA00525947 /* Assets.xcassets in Resources */,
				C4D2CBA827D8A6D900525947 /* Main.storyboard in Resources */,
			);
			runOnlyForDeploymentPostprocessing = 0;
		};
		C4D2CBB427D8A6DA00525947 /* Resources */ = {
			isa = PBXResourcesBuildPhase;
			buildActionMask = 2147483647;
			files = (
			);
			runOnlyForDeploymentPostprocessing = 0;
		};
		C4D2CBBE27D8A6DA00525947 /* Resources */ = {
			isa = PBXResourcesBuildPhase;
			buildActionMask = 2147483647;
			files = (
			);
			runOnlyForDeploymentPostprocessing = 0;
		};
/* End PBXResourcesBuildPhase section */

/* Begin PBXSourcesBuildPhase section */
		C4D2CB9927D8A6D900525947 /* Sources */ = {
			isa = PBXSourcesBuildPhase;
			buildActionMask = 2147483647;
			files = (
				C4D2CBAB27D8A6D900525947 /* Wordle.xcdatamodeld in Sources */,
				C4D2CBDB27D8ABB400525947 /* KeyCell.swift in Sources */,
				C4D2CBD727D8A74100525947 /* KeyboardViewController.swift in Sources */,
				C4D2CBA527D8A6D900525947 /* ViewController.swift in Sources */,
				C4D2CBA127D8A6D900525947 /* AppDelegate.swift in Sources */,
				C4D2CBA327D8A6D900525947 /* SceneDelegate.swift in Sources */,
				C4D2CBD927D8A74E00525947 /* BoardViewController.swift in Sources */,
			);
			runOnlyForDeploymentPostprocessing = 0;
		};
		C4D2CBB227D8A6DA00525947 /* Sources */ = {
			isa = PBXSourcesBuildPhase;
			buildActionMask = 2147483647;
			files = (
				C4D2CBBB27D8A6DA00525947 /* WordleTests.swift in Sources */,
			);
			runOnlyForDeploymentPostprocessing = 0;
		};
		C4D2CBBC27D8A6DA00525947 /* Sources */ = {
			isa = PBXSourcesBuildPhase;
			buildActionMask = 2147483647;
			files = (
				C4D2CBC527D8A6DA00525947 /* WordleUITests.swift in Sources */,
				C4D2CBC727D8A6DA00525947 /* WordleUITestsLaunchTests.swift in Sources */,
			);
			runOnlyForDeploymentPostprocessing = 0;
		};
/* End PBXSourcesBuildPhase section */

/* Begin PBXTargetDependency section */
		C4D2CBB827D8A6DA00525947 /* PBXTargetDependency */ = {
			isa = PBXTargetDependency;
			target = C4D2CB9C27D8A6D900525947 /* Wordle */;
			targetProxy = C4D2CBB727D8A6DA00525947 /* PBXContainerItemProxy */;
		};
		C4D2CBC227D8A6DA00525947 /* PBXTargetDependency */ = {
			isa = PBXTargetDependency;
			target = C4D2CB9C27D8A6D900525947 /* Wordle */;
			targetProxy = C4D2CBC127D8A6DA00525947 /* PBXContainerItemProxy */;
		};
/* End PBXTargetDependency section */

/* Begin PBXVariantGroup section */
		C4D2CBA627D8A6D900525947 /* Main.storyboard */ = {
			isa = PBXVariantGroup;
			children = (
				C4D2CBA727D8A6D900525947 /* Base */,
			);
			name = Main.storyboard;
			sourceTree = "<group>";
		};
		C4D2CBAE27D8A6DA00525947 /* LaunchScreen.storyboard */ = {
			isa = PBXVariantGroup;
			children = (
				C4D2CBAF27D8A6DA00525947 /* Base */,
			);
			name = LaunchScreen.storyboard;
			sourceTree = "<group>";
		};
/* End PBXVariantGroup section */

/* Begin XCBuildConfiguration section */
		C4D2CBC827D8A6DA00525947 /* Debug */ = {
			isa = XCBuildConfiguration;
			buildSettings = {
				ALWAYS_SEARCH_USER_PATHS = NO;
				CLANG_ANALYZER_NONNULL = YES;
				CLANG_ANALYZER_NUMBER_OBJECT_CONVERSION = YES_AGGRESSIVE;
				CLANG_CXX_LANGUAGE_STANDARD = "gnu++17";
				CLANG_CXX_LIBRARY = "libc++";
				CLANG_ENABLE_MODULES = YES;
				CLANG_ENABLE_OBJC_ARC = YES;
				CLANG_ENABLE_OBJC_WEAK = YES;
				CLANG_WARN_BLOCK_CAPTURE_AUTORELEASING = YES;
				CLANG_WARN_BOOL_CONVERSION = YES;
				CLANG_WARN_COMMA = YES;
				CLANG_WARN_CONSTANT_CONVERSION = YES;
				CLANG_WARN_DEPRECATED_OBJC_IMPLEMENTATIONS = YES;
				CLANG_WARN_DIRECT_OBJC_ISA_USAGE = YES_ERROR;
				CLANG_WARN_DOCUMENTATION_COMMENTS = YES;
				CLANG_WARN_EMPTY_BODY = YES;
				CLANG_WARN_ENUM_CONVERSION = YES;
				CLANG_WARN_INFINITE_RECURSION = YES;
				CLANG_WARN_INT_CONVERSION = YES;
				CLANG_WARN_NON_LITERAL_NULL_CONVERSION = YES;
				CLANG_WARN_OBJC_IMPLICIT_RETAIN_SELF = YES;
				CLANG_WARN_OBJC_LITERAL_CONVERSION = YES;
				CLANG_WARN_OBJC_ROOT_CLASS = YES_ERROR;
				CLANG_WARN_QUOTED_INCLUDE_IN_FRAMEWORK_HEADER = YES;
				CLANG_WARN_RANGE_LOOP_ANALYSIS = YES;
				CLANG_WARN_STRICT_PROTOTYPES = YES;
				CLANG_WARN_SUSPICIOUS_MOVE = YES;
				CLANG_WARN_UNGUARDED_AVAILABILITY = YES_AGGRESSIVE;
				CLANG_WARN_UNREACHABLE_CODE = YES;
				CLANG_WARN__DUPLICATE_METHOD_MATCH = YES;
				COPY_PHASE_STRIP = NO;
				DEBUG_INFORMATION_FORMAT = dwarf;
				ENABLE_STRICT_OBJC_MSGSEND = YES;
				ENABLE_TESTABILITY = YES;
				GCC_C_LANGUAGE_STANDARD = gnu11;
				GCC_DYNAMIC_NO_PIC = NO;
				GCC_NO_COMMON_BLOCKS = YES;
				GCC_OPTIMIZATION_LEVEL = 0;
				GCC_PREPROCESSOR_DEFINITIONS = (
					"DEBUG=1",
					"$(inherited)",
				);
				GCC_WARN_64_TO_32_BIT_CONVERSION = YES;
				GCC_WARN_ABOUT_RETURN_TYPE = YES_ERROR;
				GCC_WARN_UNDECLARED_SELECTOR = YES;
				GCC_WARN_UNINITIALIZED_AUTOS = YES_AGGRESSIVE;
				GCC_WARN_UNUSED_FUNCTION = YES;
				GCC_WARN_UNUSED_VARIABLE = YES;
				IPHONEOS_DEPLOYMENT_TARGET = 15.2;
				MTL_ENABLE_DEBUG_INFO = INCLUDE_SOURCE;
				MTL_FAST_MATH = YES;
				ONLY_ACTIVE_ARCH = YES;
				SDKROOT = iphoneos;
				SWIFT_ACTIVE_COMPILATION_CONDITIONS = DEBUG;
				SWIFT_OPTIMIZATION_LEVEL = "-Onone";
			};
			name = Debug;
		};
		C4D2CBC927D8A6DA00525947 /* Release */ = {
			isa = XCBuildConfiguration;
			buildSettings = {
				ALWAYS_SEARCH_USER_PATHS = NO;
				CLANG_ANALYZER_NONNULL = YES;
				CLANG_ANALYZER_NUMBER_OBJECT_CONVERSION = YES_AGGRESSIVE;
				CLANG_CXX_LANGUAGE_STANDARD = "gnu++17";
				CLANG_CXX_LIBRARY = "libc++";
				CLANG_ENABLE_MODULES = YES;
				CLANG_ENABLE_OBJC_ARC = YES;
				CLANG_ENABLE_OBJC_WEAK = YES;
				CLANG_WARN_BLOCK_CAPTURE_AUTORELEASING = YES;
				CLANG_WARN_BOOL_CONVERSION = YES;
				CLANG_WARN_COMMA = YES;
				CLANG_WARN_CONSTANT_CONVERSION = YES;
				CLANG_WARN_DEPRECATED_OBJC_IMPLEMENTATIONS = YES;
				CLANG_WARN_DIRECT_OBJC_ISA_USAGE = YES_ERROR;
				CLANG_WARN_DOCUMENTATION_COMMENTS = YES;
				CLANG_WARN_EMPTY_BODY = YES;
				CLANG_WARN_ENUM_CONVERSION = YES;
				CLANG_WARN_INFINITE_RECURSION = YES;
				CLANG_WARN_INT_CONVERSION = YES;
				CLANG_WARN_NON_LITERAL_NULL_CONVERSION = YES;
				CLANG_WARN_OBJC_IMPLICIT_RETAIN_SELF = YES;
				CLANG_WARN_OBJC_LITERAL_CONVERSION = YES;
				CLANG_WARN_OBJC_ROOT_CLASS = YES_ERROR;
				CLANG_WARN_QUOTED_INCLUDE_IN_FRAMEWORK_HEADER = YES;
				CLANG_WARN_RANGE_LOOP_ANALYSIS = YES;
				CLANG_WARN_STRICT_PROTOTYPES = YES;
				CLANG_WARN_SUSPICIOUS_MOVE = YES;
				CLANG_WARN_UNGUARDED_AVAILABILITY = YES_AGGRESSIVE;
				CLANG_WARN_UNREACHABLE_CODE = YES;
				CLANG_WARN__DUPLICATE_METHOD_MATCH = YES;
				COPY_PHASE_STRIP = NO;
				DEBUG_INFORMATION_FORMAT = "dwarf-with-dsym";
				ENABLE_NS_ASSERTIONS = NO;
				ENABLE_STRICT_OBJC_MSGSEND = YES;
				GCC_C_LANGUAGE_STANDARD = gnu11;
				GCC_NO_COMMON_BLOCKS = YES;
				GCC_WARN_64_TO_32_BIT_CONVERSION = YES;
				GCC_WARN_ABOUT_RETURN_TYPE = YES_ERROR;
				GCC_WARN_UNDECLARED_SELECTOR = YES;
				GCC_WARN_UNINITIALIZED_AUTOS = YES_AGGRESSIVE;
				GCC_WARN_UNUSED_FUNCTION = YES;
				GCC_WARN_UNUSED_VARIABLE = YES;
				IPHONEOS_DEPLOYMENT_TARGET = 15.2;
				MTL_ENABLE_DEBUG_INFO = NO;
				MTL_FAST_MATH = YES;
				SDKROOT = iphoneos;
				SWIFT_COMPILATION_MODE = wholemodule;
				SWIFT_OPTIMIZATION_LEVEL = "-O";
				VALIDATE_PRODUCT = YES;
			};
			name = Release;
		};
		C4D2CBCB27D8A6DA00525947 /* Debug */ = {
			isa = XCBuildConfiguration;
			buildSettings = {
				ASSETCATALOG_COMPILER_APPICON_NAME = AppIcon;
				ASSETCATALOG_COMPILER_GLOBAL_ACCENT_COLOR_NAME = AccentColor;
				CODE_SIGN_STYLE = Automatic;
				CURRENT_PROJECT_VERSION = 1;
				DEVELOPMENT_TEAM = DU88KW67TH;
				GENERATE_INFOPLIST_FILE = YES;
				INFOPLIST_FILE = Wordle/Info.plist;
				INFOPLIST_KEY_UIApplicationSupportsIndirectInputEvents = YES;
				INFOPLIST_KEY_UILaunchStoryboardName = LaunchScreen;
				INFOPLIST_KEY_UIMainStoryboardFile = Main;
				INFOPLIST_KEY_UISupportedInterfaceOrientations_iPad = "UIInterfaceOrientationPortrait UIInterfaceOrientationPortraitUpsideDown UIInterfaceOrientationLandscapeLeft UIInterfaceOrientationLandscapeRight";
				INFOPLIST_KEY_UISupportedInterfaceOrientations_iPhone = "UIInterfaceOrientationPortrait UIInterfaceOrientationLandscapeLeft UIInterfaceOrientationLandscapeRight";
				LD_RUNPATH_SEARCH_PATHS = (
					"$(inherited)",
					"@executable_path/Frameworks",
				);
				MARKETING_VERSION = 1.0;
				PRODUCT_BUNDLE_IDENTIFIER = choikihun.Wordle;
				PRODUCT_NAME = "$(TARGET_NAME)";
				SWIFT_EMIT_LOC_STRINGS = YES;
				SWIFT_VERSION = 5.0;
				TARGETED_DEVICE_FAMILY = "1,2";
			};
			name = Debug;
		};
		C4D2CBCC27D8A6DA00525947 /* Release */ = {
			isa = XCBuildConfiguration;
			buildSettings = {
				ASSETCATALOG_COMPILER_APPICON_NAME = AppIcon;
				ASSETCATALOG_COMPILER_GLOBAL_ACCENT_COLOR_NAME = AccentColor;
				CODE_SIGN_STYLE = Automatic;
				CURRENT_PROJECT_VERSION = 1;
				DEVELOPMENT_TEAM = DU88KW67TH;
				GENERATE_INFOPLIST_FILE = YES;
				INFOPLIST_FILE = Wordle/Info.plist;
				INFOPLIST_KEY_UIApplicationSupportsIndirectInputEvents = YES;
				INFOPLIST_KEY_UILaunchStoryboardName = LaunchScreen;
				INFOPLIST_KEY_UIMainStoryboardFile = Main;
				INFOPLIST_KEY_UISupportedInterfaceOrientations_iPad = "UIInterfaceOrientationPortrait UIInterfaceOrientationPortraitUpsideDown UIInterfaceOrientationLandscapeLeft UIInterfaceOrientationLandscapeRight";
				INFOPLIST_KEY_UISupportedInterfaceOrientations_iPhone = "UIInterfaceOrientationPortrait UIInterfaceOrientationLandscapeLeft UIInterfaceOrientationLandscapeRight";
				LD_RUNPATH_SEARCH_PATHS = (
					"$(inherited)",
					"@executable_path/Frameworks",
				);
				MARKETING_VERSION = 1.0;
				PRODUCT_BUNDLE_IDENTIFIER = choikihun.Wordle;
				PRODUCT_NAME = "$(TARGET_NAME)";
				SWIFT_EMIT_LOC_STRINGS = YES;
				SWIFT_VERSION = 5.0;
				TARGETED_DEVICE_FAMILY = "1,2";
			};
			name = Release;
		};
		C4D2CBCE27D8A6DA00525947 /* Debug */ = {
			isa = XCBuildConfiguration;
			buildSettings = {
				ALWAYS_EMBED_SWIFT_STANDARD_LIBRARIES = YES;
				BUNDLE_LOADER = "$(TEST_HOST)";
				CODE_SIGN_STYLE = Automatic;
				CURRENT_PROJECT_VERSION = 1;
				DEVELOPMENT_TEAM = DU88KW67TH;
				GENERATE_INFOPLIST_FILE = YES;
				IPHONEOS_DEPLOYMENT_TARGET = 15.2;
				MARKETING_VERSION = 1.0;
				PRODUCT_BUNDLE_IDENTIFIER = choikihun.WordleTests;
				PRODUCT_NAME = "$(TARGET_NAME)";
				SWIFT_EMIT_LOC_STRINGS = NO;
				SWIFT_VERSION = 5.0;
				TARGETED_DEVICE_FAMILY = "1,2";
				TEST_HOST = "$(BUILT_PRODUCTS_DIR)/Wordle.app/Wordle";
			};
			name = Debug;
		};
		C4D2CBCF27D8A6DA00525947 /* Release */ = {
			isa = XCBuildConfiguration;
			buildSettings = {
				ALWAYS_EMBED_SWIFT_STANDARD_LIBRARIES = YES;
				BUNDLE_LOADER = "$(TEST_HOST)";
				CODE_SIGN_STYLE = Automatic;
				CURRENT_PROJECT_VERSION = 1;
				DEVELOPMENT_TEAM = DU88KW67TH;
				GENERATE_INFOPLIST_FILE = YES;
				IPHONEOS_DEPLOYMENT_TARGET = 15.2;
				MARKETING_VERSION = 1.0;
				PRODUCT_BUNDLE_IDENTIFIER = choikihun.WordleTests;
				PRODUCT_NAME = "$(TARGET_NAME)";
				SWIFT_EMIT_LOC_STRINGS = NO;
				SWIFT_VERSION = 5.0;
				TARGETED_DEVICE_FAMILY = "1,2";
				TEST_HOST = "$(BUILT_PRODUCTS_DIR)/Wordle.app/Wordle";
			};
			name = Release;
		};
		C4D2CBD127D8A6DA00525947 /* Debug */ = {
			isa = XCBuildConfiguration;
			buildSettings = {
				ALWAYS_EMBED_SWIFT_STANDARD_LIBRARIES = YES;
				CODE_SIGN_STYLE = Automatic;
				CURRENT_PROJECT_VERSION = 1;
				DEVELOPMENT_TEAM = DU88KW67TH;
				GENERATE_INFOPLIST_FILE = YES;
				MARKETING_VERSION = 1.0;
				PRODUCT_BUNDLE_IDENTIFIER = choikihun.WordleUITests;
				PRODUCT_NAME = "$(TARGET_NAME)";
				SWIFT_EMIT_LOC_STRINGS = NO;
				SWIFT_VERSION = 5.0;
				TARGETED_DEVICE_FAMILY = "1,2";
				TEST_TARGET_NAME = Wordle;
			};
			name = Debug;
		};
		C4D2CBD227D8A6DA00525947 /* Release */ = {
			isa = XCBuildConfiguration;
			buildSettings = {
				ALWAYS_EMBED_SWIFT_STANDARD_LIBRARIES = YES;
				CODE_SIGN_STYLE = Automatic;
				CURRENT_PROJECT_VERSION = 1;
				DEVELOPMENT_TEAM = DU88KW67TH;
				GENERATE_INFOPLIST_FILE = YES;
				MARKETING_VERSION = 1.0;
				PRODUCT_BUNDLE_IDENTIFIER = choikihun.WordleUITests;
				PRODUCT_NAME = "$(TARGET_NAME)";
				SWIFT_EMIT_LOC_STRINGS = NO;
				SWIFT_VERSION = 5.0;
				TARGETED_DEVICE_FAMILY = "1,2";
				TEST_TARGET_NAME = Wordle;
			};
			name = Release;
		};
/* End XCBuildConfiguration section */

/* Begin XCConfigurationList section */
		C4D2CB9827D8A6D900525947 /* Build configuration list for PBXProject "Wordle" */ = {
			isa = XCConfigurationList;
			buildConfigurations = (
				C4D2CBC827D8A6DA00525947 /* Debug */,
				C4D2CBC927D8A6DA00525947 /* Release */,
			);
			defaultConfigurationIsVisible = 0;
			defaultConfigurationName = Release;
		};
		C4D2CBCA27D8A6DA00525947 /* Build configuration list for PBXNativeTarget "Wordle" */ = {
			isa = XCConfigurationList;
			buildConfigurations = (
				C4D2CBCB27D8A6DA00525947 /* Debug */,
				C4D2CBCC27D8A6DA00525947 /* Release */,
			);
			defaultConfigurationIsVisible = 0;
			defaultConfigurationName = Release;
		};
		C4D2CBCD27D8A6DA00525947 /* Build configuration list for PBXNativeTarget "WordleTests" */ = {
			isa = XCConfigurationList;
			buildConfigurations = (
				C4D2CBCE27D8A6DA00525947 /* Debug */,
				C4D2CBCF27D8A6DA00525947 /* Release */,
			);
			defaultConfigurationIsVisible = 0;
			defaultConfigurationName = Release;
		};
		C4D2CBD027D8A6DA00525947 /* Build configuration list for PBXNativeTarget "WordleUITests" */ = {
			isa = XCConfigurationList;
			buildConfigurations = (
				C4D2CBD127D8A6DA00525947 /* Debug */,
				C4D2CBD227D8A6DA00525947 /* Release */,
			);
			defaultConfigurationIsVisible = 0;
			defaultConfigurationName = Release;
		};
/* End XCConfigurationList section */

/* Begin XCVersionGroup section */
		C4D2CBA927D8A6D900525947 /* Wordle.xcdatamodeld */ = {
			isa = XCVersionGroup;
			children = (
				C4D2CBAA27D8A6D900525947 /* Wordle.xcdatamodel */,
			);
			currentVersion = C4D2CBAA27D8A6D900525947 /* Wordle.xcdatamodel */;
			path = Wordle.xcdatamodeld;
			sourceTree = "<group>";
			versionGroupType = wrapper.xcdatamodel;
		};
/* End XCVersionGroup section */
	};
	rootObject = C4D2CB9527D8A6D900525947 /* Project object */;
}
